
Microsoft Visual Studio Solution File, Format Version 12.00
# Visual Studio Version 17
VisualStudioVersion = 17.8.34511.84
MinimumVisualStudioVersion = 10.0.40219.1
Project("{2150E333-8FDC-42A3-9474-1A3956D46DE8}") = "src", "src", "{AD1D09F3-CC8C-49EC-B5B9-7F552CF31F67}"
EndProject
Project("{9A19103F-16F7-4668-BE54-9A1E7A4F7556}") = "MoviesRating.Api", "src\MoviesRating.Api\MoviesRating.Api.csproj", "{C4DEEBA5-EC75-40B7-B6DA-D513C3A9AA12}"
EndProject
Project("{FAE04EC0-301F-11D3-BF4B-00C04F79EFBC}") = "MoviesRating.Domain", "src\MoviesRating.Domain\MoviesRating.Domain.csproj", "{ED0C70CE-1E79-4F70-933E-1467C515C0A3}"
EndProject
Global
	GlobalSection(SolutionConfigurationPlatforms) = preSolution
		Debug|Any CPU = Debug|Any CPU
		Release|Any CPU = Release|Any CPU
	EndGlobalSection
	GlobalSection(ProjectConfigurationPlatforms) = postSolution
		{C4DEEBA5-EC75-40B7-B6DA-D513C3A9AA12}.Debug|Any CPU.ActiveCfg = Debug|Any CPU
		{C4DEEBA5-EC75-40B7-B6DA-D513C3A9AA12}.Debug|Any CPU.Build.0 = Debug|Any CPU
		{C4DEEBA5-EC75-40B7-B6DA-D513C3A9AA12}.Release|Any CPU.ActiveCfg = Release|Any CPU
		{C4DEEBA5-EC75-40B7-B6DA-D513C3A9AA12}.Release|Any CPU.Build.0 = Release|Any CPU
		{ED0C70CE-1E79-4F70-933E-1467C515C0A3}.Debug|Any CPU.ActiveCfg = Debug|Any CPU
		{ED0C70CE-1E79-4F70-933E-1467C515C0A3}.Debug|Any CPU.Build.0 = Debug|Any CPU
		{ED0C70CE-1E79-4F70-933E-1467C515C0A3}.Release|Any CPU.ActiveCfg = Release|Any CPU
		{ED0C70CE-1E79-4F70-933E-1467C515C0A3}.Release|Any CPU.Build.0 = Release|Any CPU
	EndGlobalSection
	GlobalSection(SolutionProperties) = preSolution
		HideSolutionNode = FALSE
	EndGlobalSection
	GlobalSection(NestedProjects) = preSolution
		{C4DEEBA5-EC75-40B7-B6DA-D513C3A9AA12} = {AD1D09F3-CC8C-49EC-B5B9-7F552CF31F67}
		{ED0C70CE-1E79-4F70-933E-1467C515C0A3} = {AD1D09F3-CC8C-49EC-B5B9-7F552CF31F67}
	EndGlobalSection
	GlobalSection(ExtensibilityGlobals) = postSolution
		SolutionGuid = {926575D0-222B-43D6-8DAC-6B52F812FA11}
	EndGlobalSection
EndGlobal
